// !$*UTF8*$!
{
	archiveVersion = 1;
	classes = {
	};
	objectVersion = 55;
	objects = {

/* Begin PBXBuildFile section */
		ABC56C2529114291000A0F31 /* AppDelegate.swift in Sources */ = {isa = PBXBuildFile; fileRef = ABC56C2429114291000A0F31 /* AppDelegate.swift */; };
		ABC56C2729114291000A0F31 /* SceneDelegate.swift in Sources */ = {isa = PBXBuildFile; fileRef = ABC56C2629114291000A0F31 /* SceneDelegate.swift */; };
		ABC56C2929114291000A0F31 /* ViewController.swift in Sources */ = {isa = PBXBuildFile; fileRef = ABC56C2829114291000A0F31 /* ViewController.swift */; };
		ABC56C2C29114291000A0F31 /* Main.storyboard in Resources */ = {isa = PBXBuildFile; fileRef = ABC56C2A29114291000A0F31 /* Main.storyboard */; };
		ABC56C2E29114292000A0F31 /* Assets.xcassets in Resources */ = {isa = PBXBuildFile; fileRef = ABC56C2D29114292000A0F31 /* Assets.xcassets */; };
		ABC56C3129114292000A0F31 /* LaunchScreen.storyboard in Resources */ = {isa = PBXBuildFile; fileRef = ABC56C2F29114292000A0F31 /* LaunchScreen.storyboard */; };
		ABC56C3C29114292000A0F31 /* App_StartTests.swift in Sources */ = {isa = PBXBuildFile; fileRef = ABC56C3B29114292000A0F31 /* App_StartTests.swift */; };
		ABC56C4629114292000A0F31 /* App_StartUITests.swift in Sources */ = {isa = PBXBuildFile; fileRef = ABC56C4529114292000A0F31 /* App_StartUITests.swift */; };
		ABC56C4829114292000A0F31 /* App_StartUITestsLaunchTests.swift in Sources */ = {isa = PBXBuildFile; fileRef = ABC56C4729114292000A0F31 /* App_StartUITestsLaunchTests.swift */; };
		ABC56C552911489F000A0F31 /* DetailViewController.swift in Sources */ = {isa = PBXBuildFile; fileRef = ABC56C542911489F000A0F31 /* DetailViewController.swift */; };
/* End PBXBuildFile section */

/* Begin PBXContainerItemProxy section */
		ABC56C3829114292000A0F31 /* PBXContainerItemProxy */ = {
			isa = PBXContainerItemProxy;
			containerPortal = ABC56C1929114291000A0F31 /* Project object */;
			proxyType = 1;
			remoteGlobalIDString = ABC56C2029114291000A0F31;
			remoteInfo = App_Start;
		};
		ABC56C4229114292000A0F31 /* PBXContainerItemProxy */ = {
			isa = PBXContainerItemProxy;
			containerPortal = ABC56C1929114291000A0F31 /* Project object */;
			proxyType = 1;
			remoteGlobalIDString = ABC56C2029114291000A0F31;
			remoteInfo = App_Start;
		};
/* End PBXContainerItemProxy section */

/* Begin PBXFileReference section */
		ABC56C2129114291000A0F31 /* App_Start.app */ = {isa = PBXFileReference; explicitFileType = wrapper.application; includeInIndex = 0; path = App_Start.app; sourceTree = BUILT_PRODUCTS_DIR; };
		ABC56C2429114291000A0F31 /* AppDelegate.swift */ = {isa = PBXFileReference; lastKnownFileType = sourcecode.swift; path = AppDelegate.swift; sourceTree = "<group>"; };
		ABC56C2629114291000A0F31 /* SceneDelegate.swift */ = {isa = PBXFileReference; lastKnownFileType = sourcecode.swift; path = SceneDelegate.swift; sourceTree = "<group>"; };
		ABC56C2829114291000A0F31 /* ViewController.swift */ = {isa = PBXFileReference; lastKnownFileType = sourcecode.swift; path = ViewController.swift; sourceTree = "<group>"; };
		ABC56C2B29114291000A0F31 /* Base */ = {isa = PBXFileReference; lastKnownFileType = file.storyboard; name = Base; path = Base.lproj/Main.storyboard; sourceTree = "<group>"; };
		ABC56C2D29114292000A0F31 /* Assets.xcassets */ = {isa = PBXFileReference; lastKnownFileType = folder.assetcatalog; path = Assets.xcassets; sourceTree = "<group>"; };
		ABC56C3029114292000A0F31 /* Base */ = {isa = PBXFileReference; lastKnownFileType = file.storyboard; name = Base; path = Base.lproj/LaunchScreen.storyboard; sourceTree = "<group>"; };
		ABC56C3229114292000A0F31 /* Info.plist */ = {isa = PBXFileReference; lastKnownFileType = text.plist.xml; path = Info.plist; sourceTree = "<group>"; };
		ABC56C3729114292000A0F31 /* App_StartTests.xctest */ = {isa = PBXFileReference; explicitFileType = wrapper.cfbundle; includeInIndex = 0; path = App_StartTests.xctest; sourceTree = BUILT_PRODUCTS_DIR; };
		ABC56C3B29114292000A0F31 /* App_StartTests.swift */ = {isa = PBXFileReference; lastKnownFileType = sourcecode.swift; path = App_StartTests.swift; sourceTree = "<group>"; };
		ABC56C4129114292000A0F31 /* App_StartUITests.xctest */ = {isa = PBXFileReference; explicitFileType = wrapper.cfbundle; includeInIndex = 0; path = App_StartUITests.xctest; sourceTree = BUILT_PRODUCTS_DIR; };
		ABC56C4529114292000A0F31 /* App_StartUITests.swift */ = {isa = PBXFileReference; lastKnownFileType = sourcecode.swift; path = App_StartUITests.swift; sourceTree = "<group>"; };
		ABC56C4729114292000A0F31 /* App_StartUITestsLaunchTests.swift */ = {isa = PBXFileReference; lastKnownFileType = sourcecode.swift; path = App_StartUITestsLaunchTests.swift; sourceTree = "<group>"; };
		ABC56C542911489F000A0F31 /* DetailViewController.swift */ = {isa = PBXFileReference; lastKnownFileType = sourcecode.swift; path = DetailViewController.swift; sourceTree = "<group>"; };
/* End PBXFileReference section */

/* Begin PBXFrameworksBuildPhase section */
		ABC56C1E29114291000A0F31 /* Frameworks */ = {
			isa = PBXFrameworksBuildPhase;
			buildActionMask = 2147483647;
			files = (
			);
			runOnlyForDeploymentPostprocessing = 0;
		};
		ABC56C3429114292000A0F31 /* Frameworks */ = {
			isa = PBXFrameworksBuildPhase;
			buildActionMask = 2147483647;
			files = (
			);
			runOnlyForDeploymentPostprocessing = 0;
		};
		ABC56C3E29114292000A0F31 /* Frameworks */ = {
			isa = PBXFrameworksBuildPhase;
			buildActionMask = 2147483647;
			files = (
			);
			runOnlyForDeploymentPostprocessing = 0;
		};
/* End PBXFrameworksBuildPhase section */

/* Begin PBXGroup section */
		ABC56C1829114291000A0F31 = {
			isa = PBXGroup;
			children = (
				ABC56C2329114291000A0F31 /* App_Start */,
				ABC56C3A29114292000A0F31 /* App_StartTests */,
				ABC56C4429114292000A0F31 /* App_StartUITests */,
				ABC56C2229114291000A0F31 /* Products */,
			);
			sourceTree = "<group>";
		};
		ABC56C2229114291000A0F31 /* Products */ = {
			isa = PBXGroup;
			children = (
				ABC56C2129114291000A0F31 /* App_Start.app */,
				ABC56C3729114292000A0F31 /* App_StartTests.xctest */,
				ABC56C4129114292000A0F31 /* App_StartUITests.xctest */,
			);
			name = Products;
			sourceTree = "<group>";
		};
		ABC56C2329114291000A0F31 /* App_Start */ = {
			isa = PBXGroup;
			children = (
				ABC56C2429114291000A0F31 /* AppDelegate.swift */,
				ABC56C2629114291000A0F31 /* SceneDelegate.swift */,
				ABC56C2829114291000A0F31 /* ViewController.swift */,
				ABC56C542911489F000A0F31 /* DetailViewController.swift */,
				ABC56C2A29114291000A0F31 /* Main.storyboard */,
				ABC56C2D29114292000A0F31 /* Assets.xcassets */,
				ABC56C2F29114292000A0F31 /* LaunchScreen.storyboard */,
				ABC56C3229114292000A0F31 /* Info.plist */,
			);
			path = App_Start;
			sourceTree = "<group>";
		};
		ABC56C3A29114292000A0F31 /* App_StartTests */ = {
			isa = PBXGroup;
			children = (
				ABC56C3B29114292000A0F31 /* App_StartTests.swift */,
			);
			path = App_StartTests;
			sourceTree = "<group>";
		};
		ABC56C4429114292000A0F31 /* App_StartUITests */ = {
			isa = PBXGroup;
			children = (
				ABC56C4529114292000A0F31 /* App_StartUITests.swift */,
				ABC56C4729114292000A0F31 /* App_StartUITestsLaunchTests.swift */,
			);
			path = App_StartUITests;
			sourceTree = "<group>";
		};
/* End PBXGroup section */

/* Begin PBXNativeTarget section */
		ABC56C2029114291000A0F31 /* App_Start */ = {
			isa = PBXNativeTarget;
			buildConfigurationList = ABC56C4B29114292000A0F31 /* Build configuration list for PBXNativeTarget "App_Start" */;
			buildPhases = (
				ABC56C1D29114291000A0F31 /* Sources */,
				ABC56C1E29114291000A0F31 /* Frameworks */,
				ABC56C1F29114291000A0F31 /* Resources */,
			);
			buildRules = (
			);
			dependencies = (
			);
			name = App_Start;
			productName = App_Start;
			productReference = ABC56C2129114291000A0F31 /* App_Start.app */;
			productType = "com.apple.product-type.application";
		};
		ABC56C3629114292000A0F31 /* App_StartTests */ = {
			isa = PBXNativeTarget;
			buildConfigurationList = ABC56C4E29114292000A0F31 /* Build configuration list for PBXNativeTarget "App_StartTests" */;
			buildPhases = (
				ABC56C3329114292000A0F31 /* Sources */,
				ABC56C3429114292000A0F31 /* Frameworks */,
				ABC56C3529114292000A0F31 /* Resources */,
			);
			buildRules = (
			);
			dependencies = (
				ABC56C3929114292000A0F31 /* PBXTargetDependency */,
			);
			name = App_StartTests;
			productName = App_StartTests;
			productReference = ABC56C3729114292000A0F31 /* App_StartTests.xctest */;
			productType = "com.apple.product-type.bundle.unit-test";
		};
		ABC56C4029114292000A0F31 /* App_StartUITests */ = {
			isa = PBXNativeTarget;
			buildConfigurationList = ABC56C5129114292000A0F31 /* Build configuration list for PBXNativeTarget "App_StartUITests" */;
			buildPhases = (
				ABC56C3D29114292000A0F31 /* Sources */,
				ABC56C3E29114292000A0F31 /* Frameworks */,
				ABC56C3F29114292000A0F31 /* Resources */,
			);
			buildRules = (
			);
			dependencies = (
				ABC56C4329114292000A0F31 /* PBXTargetDependency */,
			);
			name = App_StartUITests;
			productName = App_StartUITests;
			productReference = ABC56C4129114292000A0F31 /* App_StartUITests.xctest */;
			productType = "com.apple.product-type.bundle.ui-testing";
		};
/* End PBXNativeTarget section */

/* Begin PBXProject section */
		ABC56C1929114291000A0F31 /* Project object */ = {
			isa = PBXProject;
			attributes = {
				BuildIndependentTargetsInParallel = 1;
				LastSwiftUpdateCheck = 1340;
				LastUpgradeCheck = 1340;
				TargetAttributes = {
					ABC56C2029114291000A0F31 = {
						CreatedOnToolsVersion = 13.4.1;
					};
					ABC56C3629114292000A0F31 = {
						CreatedOnToolsVersion = 13.4.1;
						TestTargetID = ABC56C2029114291000A0F31;
					};
					ABC56C4029114292000A0F31 = {
						CreatedOnToolsVersion = 13.4.1;
						TestTargetID = ABC56C2029114291000A0F31;
					};
				};
			};
			buildConfigurationList = ABC56C1C29114291000A0F31 /* Build configuration list for PBXProject "App_Start" */;
			compatibilityVersion = "Xcode 13.0";
			developmentRegion = en;
			hasScannedForEncodings = 0;
			knownRegions = (
				en,
				Base,
			);
			mainGroup = ABC56C1829114291000A0F31;
			productRefGroup = ABC56C2229114291000A0F31 /* Products */;
			projectDirPath = "";
			projectRoot = "";
			targets = (
				ABC56C2029114291000A0F31 /* App_Start */,
				ABC56C3629114292000A0F31 /* App_StartTests */,
				ABC56C4029114292000A0F31 /* App_StartUITests */,
			);
		};
/* End PBXProject section */

/* Begin PBXResourcesBuildPhase section */
		ABC56C1F29114291000A0F31 /* Resources */ = {
			isa = PBXResourcesBuildPhase;
			buildActionMask = 2147483647;
			files = (
				ABC56C3129114292000A0F31 /* LaunchScreen.storyboard in Resources */,
				ABC56C2E29114292000A0F31 /* Assets.xcassets in Resources */,
				ABC56C2C29114291000A0F31 /* Main.storyboard in Resources */,
			);
			runOnlyForDeploymentPostprocessing = 0;
		};
		ABC56C3529114292000A0F31 /* Resources */ = {
			isa = PBXResourcesBuildPhase;
			buildActionMask = 2147483647;
			files = (
			);
			runOnlyForDeploymentPostprocessing = 0;
		};
		ABC56C3F29114292000A0F31 /* Resources */ = {
			isa = PBXResourcesBuildPhase;
			buildActionMask = 2147483647;
			files = (
			);
			runOnlyForDeploymentPostprocessing = 0;
		};
/* End PBXResourcesBuildPhase section */

/* Begin PBXSourcesBuildPhase section */
		ABC56C1D29114291000A0F31 /* Sources */ = {
			isa = PBXSourcesBuildPhase;
			buildActionMask = 2147483647;
			files = (
				ABC56C2929114291000A0F31 /* ViewController.swift in Sources */,
				ABC56C2529114291000A0F31 /* AppDelegate.swift in Sources */,
				ABC56C2729114291000A0F31 /* SceneDelegate.swift in Sources */,
				ABC56C552911489F000A0F31 /* DetailViewController.swift in Sources */,
			);
			runOnlyForDeploymentPostprocessing = 0;
		};
		ABC56C3329114292000A0F31 /* Sources */ = {
			isa = PBXSourcesBuildPhase;
			buildActionMask = 2147483647;
			files = (
				ABC56C3C29114292000A0F31 /* App_StartTests.swift in Sources */,
			);
			runOnlyForDeploymentPostprocessing = 0;
		};
		ABC56C3D29114292000A0F31 /* Sources */ = {
			isa = PBXSourcesBuildPhase;
			buildActionMask = 2147483647;
			files = (
				ABC56C4629114292000A0F31 /* App_StartUITests.swift in Sources */,
				ABC56C4829114292000A0F31 /* App_StartUITestsLaunchTests.swift in Sources */,
			);
			runOnlyForDeploymentPostprocessing = 0;
		};
/* End PBXSourcesBuildPhase section */

/* Begin PBXTargetDependency section */
		ABC56C3929114292000A0F31 /* PBXTargetDependency */ = {
			isa = PBXTargetDependency;
			target = ABC56C2029114291000A0F31 /* App_Start */;
			targetProxy = ABC56C3829114292000A0F31 /* PBXContainerItemProxy */;
		};
		ABC56C4329114292000A0F31 /* PBXTargetDependency */ = {
			isa = PBXTargetDependency;
			target = ABC56C2029114291000A0F31 /* App_Start */;
			targetProxy = ABC56C4229114292000A0F31 /* PBXContainerItemProxy */;
		};
/* End PBXTargetDependency section */

/* Begin PBXVariantGroup section */
		ABC56C2A29114291000A0F31 /* Main.storyboard */ = {
			isa = PBXVariantGroup;
			children = (
				ABC56C2B29114291000A0F31 /* Base */,
			);
			name = Main.storyboard;
			sourceTree = "<group>";
		};
		ABC56C2F29114292000A0F31 /* LaunchScreen.storyboard */ = {
			isa = PBXVariantGroup;
			children = (
				ABC56C3029114292000A0F31 /* Base */,
			);
			name = LaunchScreen.storyboard;
			sourceTree = "<group>";
		};
/* End PBXVariantGroup section */

/* Begin XCBuildConfiguration section */
		ABC56C4929114292000A0F31 /* Debug */ = {
			isa = XCBuildConfiguration;
			buildSettings = {
				ALWAYS_SEARCH_USER_PATHS = NO;
				CLANG_ANALYZER_NONNULL = YES;
				CLANG_ANALYZER_NUMBER_OBJECT_CONVERSION = YES_AGGRESSIVE;
				CLANG_CXX_LANGUAGE_STANDARD = "gnu++17";
				CLANG_ENABLE_MODULES = YES;
				CLANG_ENABLE_OBJC_ARC = YES;
				CLANG_ENABLE_OBJC_WEAK = YES;
				CLANG_WARN_BLOCK_CAPTURE_AUTORELEASING = YES;
				CLANG_WARN_BOOL_CONVERSION = YES;
				CLANG_WARN_COMMA = YES;
				CLANG_WARN_CONSTANT_CONVERSION = YES;
				CLANG_WARN_DEPRECATED_OBJC_IMPLEMENTATIONS = YES;
				CLANG_WARN_DIRECT_OBJC_ISA_USAGE = YES_ERROR;
				CLANG_WARN_DOCUMENTATION_COMMENTS = YES;
				CLANG_WARN_EMPTY_BODY = YES;
				CLANG_WARN_ENUM_CONVERSION = YES;
				CLANG_WARN_INFINITE_RECURSION = YES;
				CLANG_WARN_INT_CONVERSION = YES;
				CLANG_WARN_NON_LITERAL_NULL_CONVERSION = YES;
				CLANG_WARN_OBJC_IMPLICIT_RETAIN_SELF = YES;
				CLANG_WARN_OBJC_LITERAL_CONVERSION = YES;
				CLANG_WARN_OBJC_ROOT_CLASS = YES_ERROR;
				CLANG_WARN_QUOTED_INCLUDE_IN_FRAMEWORK_HEADER = YES;
				CLANG_WARN_RANGE_LOOP_ANALYSIS = YES;
				CLANG_WARN_STRICT_PROTOTYPES = YES;
				CLANG_WARN_SUSPICIOUS_MOVE = YES;
				CLANG_WARN_UNGUARDED_AVAILABILITY = YES_AGGRESSIVE;
				CLANG_WARN_UNREACHABLE_CODE = YES;
				CLANG_WARN__DUPLICATE_METHOD_MATCH = YES;
				COPY_PHASE_STRIP = NO;
				DEBUG_INFORMATION_FORMAT = dwarf;
				ENABLE_STRICT_OBJC_MSGSEND = YES;
				ENABLE_TESTABILITY = YES;
				GCC_C_LANGUAGE_STANDARD = gnu11;
				GCC_DYNAMIC_NO_PIC = NO;
				GCC_NO_COMMON_BLOCKS = YES;
				GCC_OPTIMIZATION_LEVEL = 0;
				GCC_PREPROCESSOR_DEFINITIONS = (
					"DEBUG=1",
					"$(inherited)",
				);
				GCC_WARN_64_TO_32_BIT_CONVERSION = YES;
				GCC_WARN_ABOUT_RETURN_TYPE = YES_ERROR;
				GCC_WARN_UNDECLARED_SELECTOR = YES;
				GCC_WARN_UNINITIALIZED_AUTOS = YES_AGGRESSIVE;
				GCC_WARN_UNUSED_FUNCTION = YES;
				GCC_WARN_UNUSED_VARIABLE = YES;
				IPHONEOS_DEPLOYMENT_TARGET = 15.5;
				MTL_ENABLE_DEBUG_INFO = INCLUDE_SOURCE;
				MTL_FAST_MATH = YES;
				ONLY_ACTIVE_ARCH = YES;
				SDKROOT = iphoneos;
				SWIFT_ACTIVE_COMPILATION_CONDITIONS = DEBUG;
				SWIFT_OPTIMIZATION_LEVEL = "-Onone";
			};
			name = Debug;
		};
		ABC56C4A29114292000A0F31 /* Release */ = {
			isa = XCBuildConfiguration;
			buildSettings = {
				ALWAYS_SEARCH_USER_PATHS = NO;
				CLANG_ANALYZER_NONNULL = YES;
				CLANG_ANALYZER_NUMBER_OBJECT_CONVERSION = YES_AGGRESSIVE;
				CLANG_CXX_LANGUAGE_STANDARD = "gnu++17";
				CLANG_ENABLE_MODULES = YES;
				CLANG_ENABLE_OBJC_ARC = YES;
				CLANG_ENABLE_OBJC_WEAK = YES;
				CLANG_WARN_BLOCK_CAPTURE_AUTORELEASING = YES;
				CLANG_WARN_BOOL_CONVERSION = YES;
				CLANG_WARN_COMMA = YES;
				CLANG_WARN_CONSTANT_CONVERSION = YES;
				CLANG_WARN_DEPRECATED_OBJC_IMPLEMENTATIONS = YES;
				CLANG_WARN_DIRECT_OBJC_ISA_USAGE = YES_ERROR;
				CLANG_WARN_DOCUMENTATION_COMMENTS = YES;
				CLANG_WARN_EMPTY_BODY = YES;
				CLANG_WARN_ENUM_CONVERSION = YES;
				CLANG_WARN_INFINITE_RECURSION = YES;
				CLANG_WARN_INT_CONVERSION = YES;
				CLANG_WARN_NON_LITERAL_NULL_CONVERSION = YES;
				CLANG_WARN_OBJC_IMPLICIT_RETAIN_SELF = YES;
				CLANG_WARN_OBJC_LITERAL_CONVERSION = YES;
				CLANG_WARN_OBJC_ROOT_CLASS = YES_ERROR;
				CLANG_WARN_QUOTED_INCLUDE_IN_FRAMEWORK_HEADER = YES;
				CLANG_WARN_RANGE_LOOP_ANALYSIS = YES;
				CLANG_WARN_STRICT_PROTOTYPES = YES;
				CLANG_WARN_SUSPICIOUS_MOVE = YES;
				CLANG_WARN_UNGUARDED_AVAILABILITY = YES_AGGRESSIVE;
				CLANG_WARN_UNREACHABLE_CODE = YES;
				CLANG_WARN__DUPLICATE_METHOD_MATCH = YES;
				COPY_PHASE_STRIP = NO;
				DEBUG_INFORMATION_FORMAT = "dwarf-with-dsym";
				ENABLE_NS_ASSERTIONS = NO;
				ENABLE_STRICT_OBJC_MSGSEND = YES;
				GCC_C_LANGUAGE_STANDARD = gnu11;
				GCC_NO_COMMON_BLOCKS = YES;
				GCC_WARN_64_TO_32_BIT_CONVERSION = YES;
				GCC_WARN_ABOUT_RETURN_TYPE = YES_ERROR;
				GCC_WARN_UNDECLARED_SELECTOR = YES;
				GCC_WARN_UNINITIALIZED_AUTOS = YES_AGGRESSIVE;
				GCC_WARN_UNUSED_FUNCTION = YES;
				GCC_WARN_UNUSED_VARIABLE = YES;
				IPHONEOS_DEPLOYMENT_TARGET = 15.5;
				MTL_ENABLE_DEBUG_INFO = NO;
				MTL_FAST_MATH = YES;
				SDKROOT = iphoneos;
				SWIFT_COMPILATION_MODE = wholemodule;
				SWIFT_OPTIMIZATION_LEVEL = "-O";
				VALIDATE_PRODUCT = YES;
			};
			name = Release;
		};
		ABC56C4C29114292000A0F31 /* Debug */ = {
			isa = XCBuildConfiguration;
			buildSettings = {
				ASSETCATALOG_COMPILER_APPICON_NAME = AppIcon;
				ASSETCATALOG_COMPILER_GLOBAL_ACCENT_COLOR_NAME = AccentColor;
				CODE_SIGN_STYLE = Automatic;
				CURRENT_PROJECT_VERSION = 1;
				DEVELOPMENT_TEAM = 9ZQ7W268HX;
				GENERATE_INFOPLIST_FILE = YES;
				INFOPLIST_FILE = App_Start/Info.plist;
				INFOPLIST_KEY_UIApplicationSupportsIndirectInputEvents = YES;
				INFOPLIST_KEY_UILaunchStoryboardName = LaunchScreen;
				INFOPLIST_KEY_UIMainStoryboardFile = Main;
				INFOPLIST_KEY_UISupportedInterfaceOrientations = "UIInterfaceOrientationPortrait UIInterfaceOrientationLandscapeLeft UIInterfaceOrientationLandscapeRight";
				INFOPLIST_KEY_UISupportedInterfaceOrientations_iPad = "UIInterfaceOrientationPortrait UIInterfaceOrientationPortraitUpsideDown UIInterfaceOrientationLandscapeLeft UIInterfaceOrientationLandscapeRight";
				INFOPLIST_KEY_UISupportedInterfaceOrientations_iPhone = "UIInterfaceOrientationPortrait UIInterfaceOrientationLandscapeLeft UIInterfaceOrientationLandscapeRight";
				IPHONEOS_DEPLOYMENT_TARGET = 13.0;
				LD_RUNPATH_SEARCH_PATHS = (
					"$(inherited)",
					"@executable_path/Frameworks",
				);
				MARKETING_VERSION = 1.0;
				PRODUCT_BUNDLE_IDENTIFIER = "com.joseph.c.App-Start";
				PRODUCT_NAME = "$(TARGET_NAME)";
				SWIFT_EMIT_LOC_STRINGS = YES;
				SWIFT_VERSION = 5.0;
				TARGETED_DEVICE_FAMILY = 1;
			};
			name = Debug;
		};
		ABC56C4D29114292000A0F31 /* Release */ = {
			isa = XCBuildConfiguration;
			buildSettings = {
				ASSETCATALOG_COMPILER_APPICON_NAME = AppIcon;
				ASSETCATALOG_COMPILER_GLOBAL_ACCENT_COLOR_NAME = AccentColor;
				CODE_SIGN_STYLE = Automatic;
				CURRENT_PROJECT_VERSION = 1;
				DEVELOPMENT_TEAM = 9ZQ7W268HX;
				GENERATE_INFOPLIST_FILE = YES;
				INFOPLIST_FILE = App_Start/Info.plist;
				INFOPLIST_KEY_UIApplicationSupportsIndirectInputEvents = YES;
				INFOPLIST_KEY_UILaunchStoryboardName = LaunchScreen;
				INFOPLIST_KEY_UIMainStoryboardFile = Main;
				INFOPLIST_KEY_UISupportedInterfaceOrientations = "UIInterfaceOrientationPortrait UIInterfaceOrientationLandscapeLeft UIInterfaceOrientationLandscapeRight";
				INFOPLIST_KEY_UISupportedInterfaceOrientations_iPad = "UIInterfaceOrientationPortrait UIInterfaceOrientationPortraitUpsideDown UIInterfaceOrientationLandscapeLeft UIInterfaceOrientationLandscapeRight";
				INFOPLIST_KEY_UISupportedInterfaceOrientations_iPhone = "UIInterfaceOrientationPortrait UIInterfaceOrientationLandscapeLeft UIInterfaceOrientationLandscapeRight";
				IPHONEOS_DEPLOYMENT_TARGET = 13.0;
				LD_RUNPATH_SEARCH_PATHS = (
					"$(inherited)",
					"@executable_path/Frameworks",
				);
				MARKETING_VERSION = 1.0;
				PRODUCT_BUNDLE_IDENTIFIER = "com.joseph.c.App-Start";
				PRODUCT_NAME = "$(TARGET_NAME)";
				SWIFT_EMIT_LOC_STRINGS = YES;
				SWIFT_VERSION = 5.0;
				TARGETED_DEVICE_FAMILY = 1;
			};
			name = Release;
		};
		ABC56C4F29114292000A0F31 /* Debug */ = {
			isa = XCBuildConfiguration;
			buildSettings = {
				ALWAYS_EMBED_SWIFT_STANDARD_LIBRARIES = YES;
				BUNDLE_LOADER = "$(TEST_HOST)";
				CODE_SIGN_STYLE = Automatic;
				CURRENT_PROJECT_VERSION = 1;
				DEVELOPMENT_TEAM = 9ZQ7W268HX;
				GENERATE_INFOPLIST_FILE = YES;
				IPHONEOS_DEPLOYMENT_TARGET = 15.5;
				MARKETING_VERSION = 1.0;
				PRODUCT_BUNDLE_IDENTIFIER = "com.joseph.c.App-StartTests";
				PRODUCT_NAME = "$(TARGET_NAME)";
				SWIFT_EMIT_LOC_STRINGS = NO;
				SWIFT_VERSION = 5.0;
				TARGETED_DEVICE_FAMILY = "1,2";
				TEST_HOST = "$(BUILT_PRODUCTS_DIR)/App_Start.app/App_Start";
			};
			name = Debug;
		};
		ABC56C5029114292000A0F31 /* Release */ = {
			isa = XCBuildConfiguration;
			buildSettings = {
				ALWAYS_EMBED_SWIFT_STANDARD_LIBRARIES = YES;
				BUNDLE_LOADER = "$(TEST_HOST)";
				CODE_SIGN_STYLE = Automatic;
				CURRENT_PROJECT_VERSION = 1;
				DEVELOPMENT_TEAM = 9ZQ7W268HX;
				GENERATE_INFOPLIST_FILE = YES;
				IPHONEOS_DEPLOYMENT_TARGET = 15.5;
				MARKETING_VERSION = 1.0;
				PRODUCT_BUNDLE_IDENTIFIER = "com.joseph.c.App-StartTests";
				PRODUCT_NAME = "$(TARGET_NAME)";
				SWIFT_EMIT_LOC_STRINGS = NO;
				SWIFT_VERSION = 5.0;
				TARGETED_DEVICE_FAMILY = "1,2";
				TEST_HOST = "$(BUILT_PRODUCTS_DIR)/App_Start.app/App_Start";
			};
			name = Release;
		};
		ABC56C5229114292000A0F31 /* Debug */ = {
			isa = XCBuildConfiguration;
			buildSettings = {
				ALWAYS_EMBED_SWIFT_STANDARD_LIBRARIES = YES;
				CODE_SIGN_STYLE = Automatic;
				CURRENT_PROJECT_VERSION = 1;
				DEVELOPMENT_TEAM = 9ZQ7W268HX;
				GENERATE_INFOPLIST_FILE = YES;
				MARKETING_VERSION = 1.0;
				PRODUCT_BUNDLE_IDENTIFIER = "com.joseph.c.App-StartUITests";
				PRODUCT_NAME = "$(TARGET_NAME)";
				SWIFT_EMIT_LOC_STRINGS = NO;
				SWIFT_VERSION = 5.0;
				TARGETED_DEVICE_FAMILY = "1,2";
				TEST_TARGET_NAME = App_Start;
			};
			name = Debug;
		};
		ABC56C5329114292000A0F31 /* Release */ = {
			isa = XCBuildConfiguration;
			buildSettings = {
				ALWAYS_EMBED_SWIFT_STANDARD_LIBRARIES = YES;
				CODE_SIGN_STYLE = Automatic;
				CURRENT_PROJECT_VERSION = 1;
				DEVELOPMENT_TEAM = 9ZQ7W268HX;
				GENERATE_INFOPLIST_FILE = YES;
				MARKETING_VERSION = 1.0;
				PRODUCT_BUNDLE_IDENTIFIER = "com.joseph.c.App-StartUITests";
				PRODUCT_NAME = "$(TARGET_NAME)";
				SWIFT_EMIT_LOC_STRINGS = NO;
				SWIFT_VERSION = 5.0;
				TARGETED_DEVICE_FAMILY = "1,2";
				TEST_TARGET_NAME = App_Start;
			};
			name = Release;
		};
/* End XCBuildConfiguration section */

/* Begin XCConfigurationList section */
		ABC56C1C29114291000A0F31 /* Build configuration list for PBXProject "App_Start" */ = {
			isa = XCConfigurationList;
			buildConfigurations = (
				ABC56C4929114292000A0F31 /* Debug */,
				ABC56C4A29114292000A0F31 /* Release */,
			);
			defaultConfigurationIsVisible = 0;
			defaultConfigurationName = Release;
		};
		ABC56C4B29114292000A0F31 /* Build configuration list for PBXNativeTarget "App_Start" */ = {
			isa = XCConfigurationList;
			buildConfigurations = (
				ABC56C4C29114292000A0F31 /* Debug */,
				ABC56C4D29114292000A0F31 /* Release */,
			);
			defaultConfigurationIsVisible = 0;
			defaultConfigurationName = Release;
		};
		ABC56C4E29114292000A0F31 /* Build configuration list for PBXNativeTarget "App_StartTests" */ = {
			isa = XCConfigurationList;
			buildConfigurations = (
				ABC56C4F29114292000A0F31 /* Debug */,
				ABC56C5029114292000A0F31 /* Release */,
			);
			defaultConfigurationIsVisible = 0;
			defaultConfigurationName = Release;
		};
		ABC56C5129114292000A0F31 /* Build configuration list for PBXNativeTarget "App_StartUITests" */ = {
			isa = XCConfigurationList;
			buildConfigurations = (
				ABC56C5229114292000A0F31 /* Debug */,
				ABC56C5329114292000A0F31 /* Release */,
			);
			defaultConfigurationIsVisible = 0;
			defaultConfigurationName = Release;
		};
/* End XCConfigurationList section */
	};
	rootObject = ABC56C1929114291000A0F31 /* Project object */;
}
